
Microsoft Visual Studio Solution File, Format Version 12.00
# Visual Studio Version 16
VisualStudioVersion = 16.0.32228.343
MinimumVisualStudioVersion = 10.0.40219.1
Project("{2150E333-8FDC-42A3-9474-1A3956D46DE8}") = "1 - ENTITY", "1 - ENTITY", "{495557E9-B372-4E54-9849-CF0EFC29DF61}"
EndProject
Project("{2150E333-8FDC-42A3-9474-1A3956D46DE8}") = "3 - BL", "3 - BL", "{4AD5E57E-4759-4F80-8B82-DCF5C30DA15D}"
EndProject
Project("{FAE04EC0-301F-11D3-BF4B-00C04F79EFBC}") = "SinavSistemi.Entity", "SinavSistemi.Entity\SinavSistemi.Entity.csproj", "{2F8940CC-EF34-4E45-8DEA-00155F1B1ED9}"
EndProject
Project("{FAE04EC0-301F-11D3-BF4B-00C04F79EFBC}") = "SinavSistemi.BusinessLayer", "SinavSistemi.BusinessLayer\SinavSistemi.BusinessLayer.csproj", "{9033C8BD-1266-4161-9988-C402D9F6DC5E}"
EndProject
Project("{2150E333-8FDC-42A3-9474-1A3956D46DE8}") = "4 - Presentation", "4 - Presentation", "{BF627D2D-7A07-47BC-B3AC-26EBD1F6CF8D}"
EndProject
Project("{FAE04EC0-301F-11D3-BF4B-00C04F79EFBC}") = "SinavSistemi.Presentation", "SinavSistemi.Presentation\SinavSistemi.Presentation.csproj", "{C0D158EF-2A6C-4FF3-9FF2-C388DE9B90FD}"
EndProject
Project("{2150E333-8FDC-42A3-9474-1A3956D46DE8}") = "0 - Common", "0 - Common", "{0C60ABBE-34AF-4051-A4B6-A29162A8623B}"
EndProject
Project("{FAE04EC0-301F-11D3-BF4B-00C04F79EFBC}") = "SinavSistemi.Common", "SinavSistemi.Common\SinavSistemi.Common.csproj", "{1FB144E2-A69E-4D77-9DF7-6CEAE7AD7CA5}"
EndProject
Project("{2150E333-8FDC-42A3-9474-1A3956D46DE8}") = "2 - ORM", "2 - ORM", "{61A2D8A4-9E08-4549-8B17-6C2612524C1A}"
EndProject
Project("{FAE04EC0-301F-11D3-BF4B-00C04F79EFBC}") = "SinavSistemi.ORM", "SinavSistemi.ORM\SinavSistemi.ORM.csproj", "{DEC1EEB1-A29F-4BB1-97DD-E283307ED09F}"
EndProject
Global
	GlobalSection(SolutionConfigurationPlatforms) = preSolution
		Debug|Any CPU = Debug|Any CPU
		Debug|ARM = Debug|ARM
		Debug|ARM64 = Debug|ARM64
		Debug|x64 = Debug|x64
		Debug|x86 = Debug|x86
		Release|Any CPU = Release|Any CPU
		Release|ARM = Release|ARM
		Release|ARM64 = Release|ARM64
		Release|x64 = Release|x64
		Release|x86 = Release|x86
	EndGlobalSection
	GlobalSection(ProjectConfigurationPlatforms) = postSolution
		{2F8940CC-EF34-4E45-8DEA-00155F1B1ED9}.Debug|Any CPU.ActiveCfg = Debug|Any CPU
		{2F8940CC-EF34-4E45-8DEA-00155F1B1ED9}.Debug|Any CPU.Build.0 = Debug|Any CPU
		{2F8940CC-EF34-4E45-8DEA-00155F1B1ED9}.Debug|ARM.ActiveCfg = Debug|Any CPU
		{2F8940CC-EF34-4E45-8DEA-00155F1B1ED9}.Debug|ARM.Build.0 = Debug|Any CPU
		{2F8940CC-EF34-4E45-8DEA-00155F1B1ED9}.Debug|ARM64.ActiveCfg = Debug|Any CPU
		{2F8940CC-EF34-4E45-8DEA-00155F1B1ED9}.Debug|ARM64.Build.0 = Debug|Any CPU
		{2F8940CC-EF34-4E45-8DEA-00155F1B1ED9}.Debug|x64.ActiveCfg = Debug|Any CPU
		{2F8940CC-EF34-4E45-8DEA-00155F1B1ED9}.Debug|x64.Build.0 = Debug|Any CPU
		{2F8940CC-EF34-4E45-8DEA-00155F1B1ED9}.Debug|x86.ActiveCfg = Debug|Any CPU
		{2F8940CC-EF34-4E45-8DEA-00155F1B1ED9}.Debug|x86.Build.0 = Debug|Any CPU
		{2F8940CC-EF34-4E45-8DEA-00155F1B1ED9}.Release|Any CPU.ActiveCfg = Release|Any CPU
		{2F8940CC-EF34-4E45-8DEA-00155F1B1ED9}.Release|Any CPU.Build.0 = Release|Any CPU
		{2F8940CC-EF34-4E45-8DEA-00155F1B1ED9}.Release|ARM.ActiveCfg = Release|Any CPU
		{2F8940CC-EF34-4E45-8DEA-00155F1B1ED9}.Release|ARM.Build.0 = Release|Any CPU
		{2F8940CC-EF34-4E45-8DEA-00155F1B1ED9}.Release|ARM64.ActiveCfg = Release|Any CPU
		{2F8940CC-EF34-4E45-8DEA-00155F1B1ED9}.Release|ARM64.Build.0 = Release|Any CPU
		{2F8940CC-EF34-4E45-8DEA-00155F1B1ED9}.Release|x64.ActiveCfg = Release|Any CPU
		{2F8940CC-EF34-4E45-8DEA-00155F1B1ED9}.Release|x64.Build.0 = Release|Any CPU
		{2F8940CC-EF34-4E45-8DEA-00155F1B1ED9}.Release|x86.ActiveCfg = Release|Any CPU
		{2F8940CC-EF34-4E45-8DEA-00155F1B1ED9}.Release|x86.Build.0 = Release|Any CPU
		{9033C8BD-1266-4161-9988-C402D9F6DC5E}.Debug|Any CPU.ActiveCfg = Debug|Any CPU
		{9033C8BD-1266-4161-9988-C402D9F6DC5E}.Debug|Any CPU.Build.0 = Debug|Any CPU
		{9033C8BD-1266-4161-9988-C402D9F6DC5E}.Debug|ARM.ActiveCfg = Debug|Any CPU
		{9033C8BD-1266-4161-9988-C402D9F6DC5E}.Debug|ARM.Build.0 = Debug|Any CPU
		{9033C8BD-1266-4161-9988-C402D9F6DC5E}.Debug|ARM64.ActiveCfg = Debug|Any CPU
		{9033C8BD-1266-4161-9988-C402D9F6DC5E}.Debug|ARM64.Build.0 = Debug|Any CPU
		{9033C8BD-1266-4161-9988-C402D9F6DC5E}.Debug|x64.ActiveCfg = Debug|Any CPU
		{9033C8BD-1266-4161-9988-C402D9F6DC5E}.Debug|x64.Build.0 = Debug|Any CPU
		{9033C8BD-1266-4161-9988-C402D9F6DC5E}.Debug|x86.ActiveCfg = Debug|Any CPU
		{9033C8BD-1266-4161-9988-C402D9F6DC5E}.Debug|x86.Build.0 = Debug|Any CPU
		{9033C8BD-1266-4161-9988-C402D9F6DC5E}.Release|Any CPU.ActiveCfg = Release|Any CPU
		{9033C8BD-1266-4161-9988-C402D9F6DC5E}.Release|Any CPU.Build.0 = Release|Any CPU
		{9033C8BD-1266-4161-9988-C402D9F6DC5E}.Release|ARM.ActiveCfg = Release|Any CPU
		{9033C8BD-1266-4161-9988-C402D9F6DC5E}.Release|ARM.Build.0 = Release|Any CPU
		{9033C8BD-1266-4161-9988-C402D9F6DC5E}.Release|ARM64.ActiveCfg = Release|Any CPU
		{9033C8BD-1266-4161-9988-C402D9F6DC5E}.Release|ARM64.Build.0 = Release|Any CPU
		{9033C8BD-1266-4161-9988-C402D9F6DC5E}.Release|x64.ActiveCfg = Release|Any CPU
		{9033C8BD-1266-4161-9988-C402D9F6DC5E}.Release|x64.Build.0 = Release|Any CPU
		{9033C8BD-1266-4161-9988-C402D9F6DC5E}.Release|x86.ActiveCfg = Release|Any CPU
		{9033C8BD-1266-4161-9988-C402D9F6DC5E}.Release|x86.Build.0 = Release|Any CPU
		{C0D158EF-2A6C-4FF3-9FF2-C388DE9B90FD}.Debug|Any CPU.ActiveCfg = Debug|Any CPU
		{C0D158EF-2A6C-4FF3-9FF2-C388DE9B90FD}.Debug|Any CPU.Build.0 = Debug|Any CPU
		{C0D158EF-2A6C-4FF3-9FF2-C388DE9B90FD}.Debug|ARM.ActiveCfg = Debug|Any CPU
		{C0D158EF-2A6C-4FF3-9FF2-C388DE9B90FD}.Debug|ARM.Build.0 = Debug|Any CPU
		{C0D158EF-2A6C-4FF3-9FF2-C388DE9B90FD}.Debug|ARM64.ActiveCfg = Debug|Any CPU
		{C0D158EF-2A6C-4FF3-9FF2-C388DE9B90FD}.Debug|ARM64.Build.0 = Debug|Any CPU
		{C0D158EF-2A6C-4FF3-9FF2-C388DE9B90FD}.Debug|x64.ActiveCfg = Debug|Any CPU
		{C0D158EF-2A6C-4FF3-9FF2-C388DE9B90FD}.Debug|x64.Build.0 = Debug|Any CPU
		{C0D158EF-2A6C-4FF3-9FF2-C388DE9B90FD}.Debug|x86.ActiveCfg = Debug|Any CPU
		{C0D158EF-2A6C-4FF3-9FF2-C388DE9B90FD}.Debug|x86.Build.0 = Debug|Any CPU
		{C0D158EF-2A6C-4FF3-9FF2-C388DE9B90FD}.Release|Any CPU.ActiveCfg = Release|Any CPU
		{C0D158EF-2A6C-4FF3-9FF2-C388DE9B90FD}.Release|Any CPU.Build.0 = Release|Any CPU
		{C0D158EF-2A6C-4FF3-9FF2-C388DE9B90FD}.Release|ARM.ActiveCfg = Release|Any CPU
		{C0D158EF-2A6C-4FF3-9FF2-C388DE9B90FD}.Release|ARM.Build.0 = Release|Any CPU
		{C0D158EF-2A6C-4FF3-9FF2-C388DE9B90FD}.Release|ARM64.ActiveCfg = Release|Any CPU
		{C0D158EF-2A6C-4FF3-9FF2-C388DE9B90FD}.Release|ARM64.Build.0 = Release|Any CPU
		{C0D158EF-2A6C-4FF3-9FF2-C388DE9B90FD}.Release|x64.ActiveCfg = Release|Any CPU
		{C0D158EF-2A6C-4FF3-9FF2-C388DE9B90FD}.Release|x64.Build.0 = Release|Any CPU
		{C0D158EF-2A6C-4FF3-9FF2-C388DE9B90FD}.Release|x86.ActiveCfg = Release|Any CPU
		{C0D158EF-2A6C-4FF3-9FF2-C388DE9B90FD}.Release|x86.Build.0 = Release|Any CPU
		{1FB144E2-A69E-4D77-9DF7-6CEAE7AD7CA5}.Debug|Any CPU.ActiveCfg = Debug|Any CPU
		{1FB144E2-A69E-4D77-9DF7-6CEAE7AD7CA5}.Debug|Any CPU.Build.0 = Debug|Any CPU
		{1FB144E2-A69E-4D77-9DF7-6CEAE7AD7CA5}.Debug|ARM.ActiveCfg = Debug|Any CPU
		{1FB144E2-A69E-4D77-9DF7-6CEAE7AD7CA5}.Debug|ARM.Build.0 = Debug|Any CPU
		{1FB144E2-A69E-4D77-9DF7-6CEAE7AD7CA5}.Debug|ARM64.ActiveCfg = Debug|Any CPU
		{1FB144E2-A69E-4D77-9DF7-6CEAE7AD7CA5}.Debug|ARM64.Build.0 = Debug|Any CPU
		{1FB144E2-A69E-4D77-9DF7-6CEAE7AD7CA5}.Debug|x64.ActiveCfg = Debug|Any CPU
		{1FB144E2-A69E-4D77-9DF7-6CEAE7AD7CA5}.Debug|x64.Build.0 = Debug|Any CPU
		{1FB144E2-A69E-4D77-9DF7-6CEAE7AD7CA5}.Debug|x86.ActiveCfg = Debug|Any CPU
		{1FB144E2-A69E-4D77-9DF7-6CEAE7AD7CA5}.Debug|x86.Build.0 = Debug|Any CPU
		{1FB144E2-A69E-4D77-9DF7-6CEAE7AD7CA5}.Release|Any CPU.ActiveCfg = Release|Any CPU
		{1FB144E2-A69E-4D77-9DF7-6CEAE7AD7CA5}.Release|Any CPU.Build.0 = Release|Any CPU
		{1FB144E2-A69E-4D77-9DF7-6CEAE7AD7CA5}.Release|ARM.ActiveCfg = Release|Any CPU
		{1FB144E2-A69E-4D77-9DF7-6CEAE7AD7CA5}.Release|ARM.Build.0 = Release|Any CPU
		{1FB144E2-A69E-4D77-9DF7-6CEAE7AD7CA5}.Release|ARM64.ActiveCfg = Release|Any CPU
		{1FB144E2-A69E-4D77-9DF7-6CEAE7AD7CA5}.Release|ARM64.Build.0 = Release|Any CPU
		{1FB144E2-A69E-4D77-9DF7-6CEAE7AD7CA5}.Release|x64.ActiveCfg = Release|Any CPU
		{1FB144E2-A69E-4D77-9DF7-6CEAE7AD7CA5}.Release|x64.Build.0 = Release|Any CPU
		{1FB144E2-A69E-4D77-9DF7-6CEAE7AD7CA5}.Release|x86.ActiveCfg = Release|Any CPU
		{1FB144E2-A69E-4D77-9DF7-6CEAE7AD7CA5}.Release|x86.Build.0 = Release|Any CPU
		{DEC1EEB1-A29F-4BB1-97DD-E283307ED09F}.Debug|Any CPU.ActiveCfg = Debug|Any CPU
		{DEC1EEB1-A29F-4BB1-97DD-E283307ED09F}.Debug|Any CPU.Build.0 = Debug|Any CPU
		{DEC1EEB1-A29F-4BB1-97DD-E283307ED09F}.Debug|ARM.ActiveCfg = Debug|Any CPU
		{DEC1EEB1-A29F-4BB1-97DD-E283307ED09F}.Debug|ARM.Build.0 = Debug|Any CPU
		{DEC1EEB1-A29F-4BB1-97DD-E283307ED09F}.Debug|ARM64.ActiveCfg = Debug|Any CPU
		{DEC1EEB1-A29F-4BB1-97DD-E283307ED09F}.Debug|ARM64.Build.0 = Debug|Any CPU
		{DEC1EEB1-A29F-4BB1-97DD-E283307ED09F}.Debug|x64.ActiveCfg = Debug|Any CPU
		{DEC1EEB1-A29F-4BB1-97DD-E283307ED09F}.Debug|x64.Build.0 = Debug|Any CPU
		{DEC1EEB1-A29F-4BB1-97DD-E283307ED09F}.Debug|x86.ActiveCfg = Debug|Any CPU
		{DEC1EEB1-A29F-4BB1-97DD-E283307ED09F}.Debug|x86.Build.0 = Debug|Any CPU
		{DEC1EEB1-A29F-4BB1-97DD-E283307ED09F}.Release|Any CPU.ActiveCfg = Release|Any CPU
		{DEC1EEB1-A29F-4BB1-97DD-E283307ED09F}.Release|Any CPU.Build.0 = Release|Any CPU
		{DEC1EEB1-A29F-4BB1-97DD-E283307ED09F}.Release|ARM.ActiveCfg = Release|Any CPU
		{DEC1EEB1-A29F-4BB1-97DD-E283307ED09F}.Release|ARM.Build.0 = Release|Any CPU
		{DEC1EEB1-A29F-4BB1-97DD-E283307ED09F}.Release|ARM64.ActiveCfg = Release|Any CPU
		{DEC1EEB1-A29F-4BB1-97DD-E283307ED09F}.Release|ARM64.Build.0 = Release|Any CPU
		{DEC1EEB1-A29F-4BB1-97DD-E283307ED09F}.Release|x64.ActiveCfg = Release|Any CPU
		{DEC1EEB1-A29F-4BB1-97DD-E283307ED09F}.Release|x64.Build.0 = Release|Any CPU
		{DEC1EEB1-A29F-4BB1-97DD-E283307ED09F}.Release|x86.ActiveCfg = Release|Any CPU
		{DEC1EEB1-A29F-4BB1-97DD-E283307ED09F}.Release|x86.Build.0 = Release|Any CPU
	EndGlobalSection
	GlobalSection(SolutionProperties) = preSolution
		HideSolutionNode = FALSE
	EndGlobalSection
	GlobalSection(NestedProjects) = preSolution
		{2F8940CC-EF34-4E45-8DEA-00155F1B1ED9} = {495557E9-B372-4E54-9849-CF0EFC29DF61}
		{9033C8BD-1266-4161-9988-C402D9F6DC5E} = {4AD5E57E-4759-4F80-8B82-DCF5C30DA15D}
		{C0D158EF-2A6C-4FF3-9FF2-C388DE9B90FD} = {BF627D2D-7A07-47BC-B3AC-26EBD1F6CF8D}
		{1FB144E2-A69E-4D77-9DF7-6CEAE7AD7CA5} = {0C60ABBE-34AF-4051-A4B6-A29162A8623B}
		{DEC1EEB1-A29F-4BB1-97DD-E283307ED09F} = {61A2D8A4-9E08-4549-8B17-6C2612524C1A}
	EndGlobalSection
	GlobalSection(ExtensibilityGlobals) = postSolution
		SolutionGuid = {54640967-44B3-4062-9EEE-A921E0D5B574}
	EndGlobalSection
EndGlobal
